
Microsoft Visual Studio Solution File, Format Version 12.00
# Visual Studio Version 17
VisualStudioVersion = 17.0.31903.59
MinimumVisualStudioVersion = 10.0.40219.1
Project("{2150E333-8FDC-42A3-9474-1A3956D46DE8}") = "Tests", "Tests", "{AA0B6CC3-8A6F-401E-BE7E-B912199C9AB0}"
EndProject
Project("{2150E333-8FDC-42A3-9474-1A3956D46DE8}") = "DataStructors", "DataStructors", "{F05819CC-A891-4B09-BA78-701E4DF6F748}"
EndProject
Project("{2150E333-8FDC-42A3-9474-1A3956D46DE8}") = "Apps", "Apps", "{8A320244-DAA1-45B3-9A43-E6329FC8E584}"
EndProject
Project("{9A19103F-16F7-4668-BE54-9A1E7A4F7556}") = "ArrayApp", "Apps\ArrayApp\ArrayApp.csproj", "{894C732E-BA71-4A0D-9B2D-D8293A335372}"
EndProject
Project("{9A19103F-16F7-4668-BE54-9A1E7A4F7556}") = "LinkedListApp", "Apps\LinkedListApp\LinkedListApp.csproj", "{74744690-8F46-4F51-86DA-1C9E0E431916}"
EndProject
Project("{9A19103F-16F7-4668-BE54-9A1E7A4F7556}") = "Array", "DataStructors\Array\Array.csproj", "{2572701A-4149-42AA-A67B-91A5CC0A05B2}"
EndProject
Project("{9A19103F-16F7-4668-BE54-9A1E7A4F7556}") = "LinkedList", "DataStructors\LinkedList\LinkedList.csproj", "{732A6B2A-3558-4B8D-84B6-5BBFDAE3456A}"
EndProject
Project("{9A19103F-16F7-4668-BE54-9A1E7A4F7556}") = "Stack", "DataStructors\Stack\Stack.csproj", "{0B2815EE-FFC6-499B-93F7-1555A6EDDB5C}"
EndProject
Project("{9A19103F-16F7-4668-BE54-9A1E7A4F7556}") = "Queue", "DataStructors\Queue\Queue.csproj", "{12C81875-D305-4475-9DCD-7F481983A336}"
EndProject
Project("{9A19103F-16F7-4668-BE54-9A1E7A4F7556}") = "ArrayTests", "Tests\ArrayTests\ArrayTests.csproj", "{54EE25E1-E307-4A5E-BEE4-C10335D23578}"
EndProject
Project("{9A19103F-16F7-4668-BE54-9A1E7A4F7556}") = "LinkedListTests", "Tests\LinkedListTests\LinkedListTests.csproj", "{7FF6A26D-D75E-4466-AD28-1F28894E9D56}"
EndProject
Project("{9A19103F-16F7-4668-BE54-9A1E7A4F7556}") = "StackTests", "Tests\StackTests\StackTests.csproj", "{26C3315A-8449-4C92-9359-0B0FDF3AAA79}"
EndProject
Project("{9A19103F-16F7-4668-BE54-9A1E7A4F7556}") = "QueueTests", "Tests\QueueTests\QueueTests.csproj", "{9D833E9D-C935-470E-9720-45112F017C09}"
EndProject
Project("{2150E333-8FDC-42A3-9474-1A3956D46DE8}") = "Recursion", "Recursion", "{F90012B8-3FF6-4249-B99F-A94E8EB0EF25}"
EndProject
Project("{9A19103F-16F7-4668-BE54-9A1E7A4F7556}") = "Recursion", "Recursion\Recursion.csproj", "{F6A35571-569D-4051-A72F-2FBCF9C21081}"
EndProject
Project("{9A19103F-16F7-4668-BE54-9A1E7A4F7556}") = "RecursionTests", "Tests\RecursionTests\RecursionTests.csproj", "{B23E8795-B238-4EDA-85B6-822E10170445}"
EndProject
Project("{9A19103F-16F7-4668-BE54-9A1E7A4F7556}") = "RecursionApp", "Apps\RecursionApp\RecursionApp.csproj", "{04F2A558-0739-42C3-8723-2574542BAFB7}"
EndProject
Project("{2150E333-8FDC-42A3-9474-1A3956D46DE8}") = "SortingAlgoritms", "SortingAlgoritms", "{DADCE141-1FFB-4584-AC45-CCE55DD8A431}"
EndProject
Project("{9A19103F-16F7-4668-BE54-9A1E7A4F7556}") = "SortingAlgoritms", "SortingAlgoritms\SortingAlgoritms.csproj", "{72DB64A1-095E-48EC-8EA6-5A3E2D1A22AA}"
EndProject
Project("{2150E333-8FDC-42A3-9474-1A3956D46DE8}") = "Shaped", "Shaped", "{E6BFD6A3-D01B-420E-8C62-AB2D05F4F549}"
EndProject
Project("{2150E333-8FDC-42A3-9474-1A3956D46DE8}") = "Week_10", "Week_10", "{8E47F27C-93E4-418B-9ACF-F85E9B8BE148}"
EndProject
Project("{9A19103F-16F7-4668-BE54-9A1E7A4F7556}") = "SortingAlgoritmsTests", "Tests\SortingAlgoritmsTests\SortingAlgoritmsTests.csproj", "{17FD7484-16A5-48B0-9260-1A571CA68B12}"
EndProject
Project("{9A19103F-16F7-4668-BE54-9A1E7A4F7556}") = "Utilities", "Shared\Utilities\Utilities.csproj", "{99C01A28-4A7D-4869-B535-6A361E0DBA50}"
EndProject
Project("{9A19103F-16F7-4668-BE54-9A1E7A4F7556}") = "Business", "Week_10\Business\Business.csproj", "{E0515AA2-9952-4E7F-9029-F4D785F26F35}"
EndProject
Project("{9A19103F-16F7-4668-BE54-9A1E7A4F7556}") = "DataAccess", "Week_10\DataAccess\DataAccess.csproj", "{42BF43DE-9A9D-4704-87D1-C683BBEAECD7}"
EndProject
Project("{9A19103F-16F7-4668-BE54-9A1E7A4F7556}") = "Entities", "Week_10\Entities\Entities.csproj", "{1866CDD2-9554-44BF-B0DF-1F6643C8CB18}"
EndProject
Project("{9A19103F-16F7-4668-BE54-9A1E7A4F7556}") = "SortingAlgoritmsApp", "Week_10\SortingAlgoritmsApp\SortingAlgoritmsApp.csproj", "{A4AAF013-0E0D-4C4B-B2EA-68F966172FE6}"
EndProject
Project("{9A19103F-16F7-4668-BE54-9A1E7A4F7556}") = "BinarySearchTreeApp", "Apps\BinarySearchTreeApp\BinarySearchTreeApp.csproj", "{F7490D9E-461E-4D57-8E7B-33AA4E269D62}"
EndProject
Project("{9A19103F-16F7-4668-BE54-9A1E7A4F7556}") = "Trees", "DataStructors\Trees\Trees.csproj", "{184EA2C0-0334-432E-82EF-9C5F81216CD5}"
EndProject
Project("{9A19103F-16F7-4668-BE54-9A1E7A4F7556}") = "PriorityQueue", "DataStructors\PriorityQueue\PriorityQueue.csproj", "{0543BD45-D8B4-4EBA-AE86-DDDDB556810A}"
EndProject
Project("{9A19103F-16F7-4668-BE54-9A1E7A4F7556}") = "BHeapAppWithProducts", "Apps\BHeapAppWithProducts\BHeapAppWithProducts.csproj", "{734DED6D-FB5B-4394-B6A5-8F2C3E253BF4}"
EndProject
Project("{9A19103F-16F7-4668-BE54-9A1E7A4F7556}") = "PriorityQueueTests", "Tests\PriorityQueueTests\PriorityQueueTests.csproj", "{BF1B62DA-4D83-4CA7-B77B-E18850F01506}"
EndProject
Project("{FAE04EC0-301F-11D3-BF4B-00C04F79EFBC}") = "BinarySearchTreeTests", "BinarySearchTreeTests\BinarySearchTreeTests.csproj", "{EEDA7A25-6205-486B-9DFD-92FD0C1A56AD}"
EndProject
Global
	GlobalSection(SolutionConfigurationPlatforms) = preSolution
		Debug|Any CPU = Debug|Any CPU
		Release|Any CPU = Release|Any CPU
	EndGlobalSection
	GlobalSection(ProjectConfigurationPlatforms) = postSolution
		{894C732E-BA71-4A0D-9B2D-D8293A335372}.Debug|Any CPU.ActiveCfg = Debug|Any CPU
		{894C732E-BA71-4A0D-9B2D-D8293A335372}.Debug|Any CPU.Build.0 = Debug|Any CPU
		{894C732E-BA71-4A0D-9B2D-D8293A335372}.Release|Any CPU.ActiveCfg = Release|Any CPU
		{894C732E-BA71-4A0D-9B2D-D8293A335372}.Release|Any CPU.Build.0 = Release|Any CPU
		{74744690-8F46-4F51-86DA-1C9E0E431916}.Debug|Any CPU.ActiveCfg = Debug|Any CPU
		{74744690-8F46-4F51-86DA-1C9E0E431916}.Debug|Any CPU.Build.0 = Debug|Any CPU
		{74744690-8F46-4F51-86DA-1C9E0E431916}.Release|Any CPU.ActiveCfg = Release|Any CPU
		{74744690-8F46-4F51-86DA-1C9E0E431916}.Release|Any CPU.Build.0 = Release|Any CPU
		{2572701A-4149-42AA-A67B-91A5CC0A05B2}.Debug|Any CPU.ActiveCfg = Debug|Any CPU
		{2572701A-4149-42AA-A67B-91A5CC0A05B2}.Debug|Any CPU.Build.0 = Debug|Any CPU
		{2572701A-4149-42AA-A67B-91A5CC0A05B2}.Release|Any CPU.ActiveCfg = Release|Any CPU
		{2572701A-4149-42AA-A67B-91A5CC0A05B2}.Release|Any CPU.Build.0 = Release|Any CPU
		{732A6B2A-3558-4B8D-84B6-5BBFDAE3456A}.Debug|Any CPU.ActiveCfg = Debug|Any CPU
		{732A6B2A-3558-4B8D-84B6-5BBFDAE3456A}.Debug|Any CPU.Build.0 = Debug|Any CPU
		{732A6B2A-3558-4B8D-84B6-5BBFDAE3456A}.Release|Any CPU.ActiveCfg = Release|Any CPU
		{732A6B2A-3558-4B8D-84B6-5BBFDAE3456A}.Release|Any CPU.Build.0 = Release|Any CPU
		{0B2815EE-FFC6-499B-93F7-1555A6EDDB5C}.Debug|Any CPU.ActiveCfg = Debug|Any CPU
		{0B2815EE-FFC6-499B-93F7-1555A6EDDB5C}.Debug|Any CPU.Build.0 = Debug|Any CPU
		{0B2815EE-FFC6-499B-93F7-1555A6EDDB5C}.Release|Any CPU.ActiveCfg = Release|Any CPU
		{0B2815EE-FFC6-499B-93F7-1555A6EDDB5C}.Release|Any CPU.Build.0 = Release|Any CPU
		{12C81875-D305-4475-9DCD-7F481983A336}.Debug|Any CPU.ActiveCfg = Debug|Any CPU
		{12C81875-D305-4475-9DCD-7F481983A336}.Debug|Any CPU.Build.0 = Debug|Any CPU
		{12C81875-D305-4475-9DCD-7F481983A336}.Release|Any CPU.ActiveCfg = Release|Any CPU
		{12C81875-D305-4475-9DCD-7F481983A336}.Release|Any CPU.Build.0 = Release|Any CPU
		{54EE25E1-E307-4A5E-BEE4-C10335D23578}.Debug|Any CPU.ActiveCfg = Debug|Any CPU
		{54EE25E1-E307-4A5E-BEE4-C10335D23578}.Debug|Any CPU.Build.0 = Debug|Any CPU
		{54EE25E1-E307-4A5E-BEE4-C10335D23578}.Release|Any CPU.ActiveCfg = Release|Any CPU
		{54EE25E1-E307-4A5E-BEE4-C10335D23578}.Release|Any CPU.Build.0 = Release|Any CPU
		{7FF6A26D-D75E-4466-AD28-1F28894E9D56}.Debug|Any CPU.ActiveCfg = Debug|Any CPU
		{7FF6A26D-D75E-4466-AD28-1F28894E9D56}.Debug|Any CPU.Build.0 = Debug|Any CPU
		{7FF6A26D-D75E-4466-AD28-1F28894E9D56}.Release|Any CPU.ActiveCfg = Release|Any CPU
		{7FF6A26D-D75E-4466-AD28-1F28894E9D56}.Release|Any CPU.Build.0 = Release|Any CPU
		{26C3315A-8449-4C92-9359-0B0FDF3AAA79}.Debug|Any CPU.ActiveCfg = Debug|Any CPU
		{26C3315A-8449-4C92-9359-0B0FDF3AAA79}.Debug|Any CPU.Build.0 = Debug|Any CPU
		{26C3315A-8449-4C92-9359-0B0FDF3AAA79}.Release|Any CPU.ActiveCfg = Release|Any CPU
		{26C3315A-8449-4C92-9359-0B0FDF3AAA79}.Release|Any CPU.Build.0 = Release|Any CPU
		{9D833E9D-C935-470E-9720-45112F017C09}.Debug|Any CPU.ActiveCfg = Debug|Any CPU
		{9D833E9D-C935-470E-9720-45112F017C09}.Debug|Any CPU.Build.0 = Debug|Any CPU
		{9D833E9D-C935-470E-9720-45112F017C09}.Release|Any CPU.ActiveCfg = Release|Any CPU
		{9D833E9D-C935-470E-9720-45112F017C09}.Release|Any CPU.Build.0 = Release|Any CPU
		{F6A35571-569D-4051-A72F-2FBCF9C21081}.Debug|Any CPU.ActiveCfg = Debug|Any CPU
		{F6A35571-569D-4051-A72F-2FBCF9C21081}.Debug|Any CPU.Build.0 = Debug|Any CPU
		{F6A35571-569D-4051-A72F-2FBCF9C21081}.Release|Any CPU.ActiveCfg = Release|Any CPU
		{F6A35571-569D-4051-A72F-2FBCF9C21081}.Release|Any CPU.Build.0 = Release|Any CPU
		{B23E8795-B238-4EDA-85B6-822E10170445}.Debug|Any CPU.ActiveCfg = Debug|Any CPU
		{B23E8795-B238-4EDA-85B6-822E10170445}.Debug|Any CPU.Build.0 = Debug|Any CPU
		{B23E8795-B238-4EDA-85B6-822E10170445}.Release|Any CPU.ActiveCfg = Release|Any CPU
		{B23E8795-B238-4EDA-85B6-822E10170445}.Release|Any CPU.Build.0 = Release|Any CPU
		{04F2A558-0739-42C3-8723-2574542BAFB7}.Debug|Any CPU.ActiveCfg = Debug|Any CPU
		{04F2A558-0739-42C3-8723-2574542BAFB7}.Debug|Any CPU.Build.0 = Debug|Any CPU
		{04F2A558-0739-42C3-8723-2574542BAFB7}.Release|Any CPU.ActiveCfg = Release|Any CPU
		{04F2A558-0739-42C3-8723-2574542BAFB7}.Release|Any CPU.Build.0 = Release|Any CPU
		{72DB64A1-095E-48EC-8EA6-5A3E2D1A22AA}.Debug|Any CPU.ActiveCfg = Debug|Any CPU
		{72DB64A1-095E-48EC-8EA6-5A3E2D1A22AA}.Debug|Any CPU.Build.0 = Debug|Any CPU
		{72DB64A1-095E-48EC-8EA6-5A3E2D1A22AA}.Release|Any CPU.ActiveCfg = Release|Any CPU
		{72DB64A1-095E-48EC-8EA6-5A3E2D1A22AA}.Release|Any CPU.Build.0 = Release|Any CPU
		{17FD7484-16A5-48B0-9260-1A571CA68B12}.Debug|Any CPU.ActiveCfg = Debug|Any CPU
		{17FD7484-16A5-48B0-9260-1A571CA68B12}.Debug|Any CPU.Build.0 = Debug|Any CPU
		{17FD7484-16A5-48B0-9260-1A571CA68B12}.Release|Any CPU.ActiveCfg = Release|Any CPU
		{17FD7484-16A5-48B0-9260-1A571CA68B12}.Release|Any CPU.Build.0 = Release|Any CPU
		{99C01A28-4A7D-4869-B535-6A361E0DBA50}.Debug|Any CPU.ActiveCfg = Debug|Any CPU
		{99C01A28-4A7D-4869-B535-6A361E0DBA50}.Debug|Any CPU.Build.0 = Debug|Any CPU
		{99C01A28-4A7D-4869-B535-6A361E0DBA50}.Release|Any CPU.ActiveCfg = Release|Any CPU
		{99C01A28-4A7D-4869-B535-6A361E0DBA50}.Release|Any CPU.Build.0 = Release|Any CPU
		{E0515AA2-9952-4E7F-9029-F4D785F26F35}.Debug|Any CPU.ActiveCfg = Debug|Any CPU
		{E0515AA2-9952-4E7F-9029-F4D785F26F35}.Debug|Any CPU.Build.0 = Debug|Any CPU
		{E0515AA2-9952-4E7F-9029-F4D785F26F35}.Release|Any CPU.ActiveCfg = Release|Any CPU
		{E0515AA2-9952-4E7F-9029-F4D785F26F35}.Release|Any CPU.Build.0 = Release|Any CPU
		{42BF43DE-9A9D-4704-87D1-C683BBEAECD7}.Debug|Any CPU.ActiveCfg = Debug|Any CPU
		{42BF43DE-9A9D-4704-87D1-C683BBEAECD7}.Debug|Any CPU.Build.0 = Debug|Any CPU
		{42BF43DE-9A9D-4704-87D1-C683BBEAECD7}.Release|Any CPU.ActiveCfg = Release|Any CPU
		{42BF43DE-9A9D-4704-87D1-C683BBEAECD7}.Release|Any CPU.Build.0 = Release|Any CPU
		{1866CDD2-9554-44BF-B0DF-1F6643C8CB18}.Debug|Any CPU.ActiveCfg = Debug|Any CPU
		{1866CDD2-9554-44BF-B0DF-1F6643C8CB18}.Debug|Any CPU.Build.0 = Debug|Any CPU
		{1866CDD2-9554-44BF-B0DF-1F6643C8CB18}.Release|Any CPU.ActiveCfg = Release|Any CPU
		{1866CDD2-9554-44BF-B0DF-1F6643C8CB18}.Release|Any CPU.Build.0 = Release|Any CPU
		{A4AAF013-0E0D-4C4B-B2EA-68F966172FE6}.Debug|Any CPU.ActiveCfg = Debug|Any CPU
		{A4AAF013-0E0D-4C4B-B2EA-68F966172FE6}.Debug|Any CPU.Build.0 = Debug|Any CPU
		{A4AAF013-0E0D-4C4B-B2EA-68F966172FE6}.Release|Any CPU.ActiveCfg = Release|Any CPU
		{A4AAF013-0E0D-4C4B-B2EA-68F966172FE6}.Release|Any CPU.Build.0 = Release|Any CPU
		{F7490D9E-461E-4D57-8E7B-33AA4E269D62}.Debug|Any CPU.ActiveCfg = Debug|Any CPU
		{F7490D9E-461E-4D57-8E7B-33AA4E269D62}.Debug|Any CPU.Build.0 = Debug|Any CPU
		{F7490D9E-461E-4D57-8E7B-33AA4E269D62}.Release|Any CPU.ActiveCfg = Release|Any CPU
		{F7490D9E-461E-4D57-8E7B-33AA4E269D62}.Release|Any CPU.Build.0 = Release|Any CPU
		{184EA2C0-0334-432E-82EF-9C5F81216CD5}.Debug|Any CPU.ActiveCfg = Debug|Any CPU
		{184EA2C0-0334-432E-82EF-9C5F81216CD5}.Debug|Any CPU.Build.0 = Debug|Any CPU
		{184EA2C0-0334-432E-82EF-9C5F81216CD5}.Release|Any CPU.ActiveCfg = Release|Any CPU
		{184EA2C0-0334-432E-82EF-9C5F81216CD5}.Release|Any CPU.Build.0 = Release|Any CPU
		{0543BD45-D8B4-4EBA-AE86-DDDDB556810A}.Debug|Any CPU.ActiveCfg = Debug|Any CPU
		{0543BD45-D8B4-4EBA-AE86-DDDDB556810A}.Debug|Any CPU.Build.0 = Debug|Any CPU
		{0543BD45-D8B4-4EBA-AE86-DDDDB556810A}.Release|Any CPU.ActiveCfg = Release|Any CPU
		{0543BD45-D8B4-4EBA-AE86-DDDDB556810A}.Release|Any CPU.Build.0 = Release|Any CPU
		{734DED6D-FB5B-4394-B6A5-8F2C3E253BF4}.Debug|Any CPU.ActiveCfg = Debug|Any CPU
		{734DED6D-FB5B-4394-B6A5-8F2C3E253BF4}.Debug|Any CPU.Build.0 = Debug|Any CPU
		{734DED6D-FB5B-4394-B6A5-8F2C3E253BF4}.Release|Any CPU.ActiveCfg = Release|Any CPU
		{734DED6D-FB5B-4394-B6A5-8F2C3E253BF4}.Release|Any CPU.Build.0 = Release|Any CPU
		{BF1B62DA-4D83-4CA7-B77B-E18850F01506}.Debug|Any CPU.ActiveCfg = Debug|Any CPU
		{BF1B62DA-4D83-4CA7-B77B-E18850F01506}.Debug|Any CPU.Build.0 = Debug|Any CPU
		{BF1B62DA-4D83-4CA7-B77B-E18850F01506}.Release|Any CPU.ActiveCfg = Release|Any CPU
		{BF1B62DA-4D83-4CA7-B77B-E18850F01506}.Release|Any CPU.Build.0 = Release|Any CPU
		{EEDA7A25-6205-486B-9DFD-92FD0C1A56AD}.Debug|Any CPU.ActiveCfg = Debug|Any CPU
		{EEDA7A25-6205-486B-9DFD-92FD0C1A56AD}.Debug|Any CPU.Build.0 = Debug|Any CPU
		{EEDA7A25-6205-486B-9DFD-92FD0C1A56AD}.Release|Any CPU.ActiveCfg = Release|Any CPU
		{EEDA7A25-6205-486B-9DFD-92FD0C1A56AD}.Release|Any CPU.Build.0 = Release|Any CPU
	EndGlobalSection
	GlobalSection(SolutionProperties) = preSolution
		HideSolutionNode = FALSE
	EndGlobalSection
	GlobalSection(NestedProjects) = preSolution
		{894C732E-BA71-4A0D-9B2D-D8293A335372} = {8A320244-DAA1-45B3-9A43-E6329FC8E584}
		{74744690-8F46-4F51-86DA-1C9E0E431916} = {8A320244-DAA1-45B3-9A43-E6329FC8E584}
		{2572701A-4149-42AA-A67B-91A5CC0A05B2} = {F05819CC-A891-4B09-BA78-701E4DF6F748}
		{732A6B2A-3558-4B8D-84B6-5BBFDAE3456A} = {F05819CC-A891-4B09-BA78-701E4DF6F748}
		{0B2815EE-FFC6-499B-93F7-1555A6EDDB5C} = {F05819CC-A891-4B09-BA78-701E4DF6F748}
		{12C81875-D305-4475-9DCD-7F481983A336} = {F05819CC-A891-4B09-BA78-701E4DF6F748}
		{54EE25E1-E307-4A5E-BEE4-C10335D23578} = {AA0B6CC3-8A6F-401E-BE7E-B912199C9AB0}
		{7FF6A26D-D75E-4466-AD28-1F28894E9D56} = {AA0B6CC3-8A6F-401E-BE7E-B912199C9AB0}
		{26C3315A-8449-4C92-9359-0B0FDF3AAA79} = {AA0B6CC3-8A6F-401E-BE7E-B912199C9AB0}
		{9D833E9D-C935-470E-9720-45112F017C09} = {AA0B6CC3-8A6F-401E-BE7E-B912199C9AB0}
		{F6A35571-569D-4051-A72F-2FBCF9C21081} = {F90012B8-3FF6-4249-B99F-A94E8EB0EF25}
		{B23E8795-B238-4EDA-85B6-822E10170445} = {AA0B6CC3-8A6F-401E-BE7E-B912199C9AB0}
		{04F2A558-0739-42C3-8723-2574542BAFB7} = {8A320244-DAA1-45B3-9A43-E6329FC8E584}
		{72DB64A1-095E-48EC-8EA6-5A3E2D1A22AA} = {DADCE141-1FFB-4584-AC45-CCE55DD8A431}
		{17FD7484-16A5-48B0-9260-1A571CA68B12} = {AA0B6CC3-8A6F-401E-BE7E-B912199C9AB0}
		{99C01A28-4A7D-4869-B535-6A361E0DBA50} = {E6BFD6A3-D01B-420E-8C62-AB2D05F4F549}
		{E0515AA2-9952-4E7F-9029-F4D785F26F35} = {8E47F27C-93E4-418B-9ACF-F85E9B8BE148}
		{42BF43DE-9A9D-4704-87D1-C683BBEAECD7} = {8E47F27C-93E4-418B-9ACF-F85E9B8BE148}
		{1866CDD2-9554-44BF-B0DF-1F6643C8CB18} = {8E47F27C-93E4-418B-9ACF-F85E9B8BE148}
		{A4AAF013-0E0D-4C4B-B2EA-68F966172FE6} = {8E47F27C-93E4-418B-9ACF-F85E9B8BE148}
		{F7490D9E-461E-4D57-8E7B-33AA4E269D62} = {8A320244-DAA1-45B3-9A43-E6329FC8E584}
		{184EA2C0-0334-432E-82EF-9C5F81216CD5} = {F05819CC-A891-4B09-BA78-701E4DF6F748}
		{0543BD45-D8B4-4EBA-AE86-DDDDB556810A} = {F05819CC-A891-4B09-BA78-701E4DF6F748}
		{734DED6D-FB5B-4394-B6A5-8F2C3E253BF4} = {8A320244-DAA1-45B3-9A43-E6329FC8E584}
		{BF1B62DA-4D83-4CA7-B77B-E18850F01506} = {AA0B6CC3-8A6F-401E-BE7E-B912199C9AB0}
		{EEDA7A25-6205-486B-9DFD-92FD0C1A56AD} = {AA0B6CC3-8A6F-401E-BE7E-B912199C9AB0}
	EndGlobalSection
	GlobalSection(ExtensibilityGlobals) = postSolution
		SolutionGuid = {D0B7DEB9-93CC-4A80-93FC-A4E2A3993DA1}
	EndGlobalSection
EndGlobal
